
Microsoft Visual Studio Solution File, Format Version 12.00
# Visual Studio Version 16
VisualStudioVersion = 16.0.30204.135
MinimumVisualStudioVersion = 10.0.40219.1
Project("{FAE04EC0-301F-11D3-BF4B-00C04F79EFBC}") = "URLInfo", "URLInfo.csproj", "{35BC16B7-C36F-42CC-A4ED-F0E10C16027C}"
EndProject
Global
	GlobalSection(SolutionConfigurationPlatforms) = preSolution
		Debug|Any CPU = Debug|Any CPU
		Release|Any CPU = Release|Any CPU
	EndGlobalSection
	GlobalSection(ProjectConfigurationPlatforms) = postSolution
		{35BC16B7-C36F-42CC-A4ED-F0E10C16027C}.Debug|Any CPU.ActiveCfg = Debug|Any CPU
		{35BC16B7-C36F-42CC-A4ED-F0E10C16027C}.Debug|Any CPU.Build.0 = Debug|Any CPU
		{35BC16B7-C36F-42CC-A4ED-F0E10C16027C}.Release|Any CPU.ActiveCfg = Release|Any CPU
		{35BC16B7-C36F-42CC-A4ED-F0E10C16027C}.Release|Any CPU.Build.0 = Release|Any CPU
	EndGlobalSection
	GlobalSection(SolutionProperties) = preSolution
		HideSolutionNode = FALSE
	EndGlobalSection
	GlobalSection(ExtensibilityGlobals) = postSolution
		SolutionGuid = {BDE3966F-05C0-4B51-A481-031B013EECD1}
	EndGlobalSection
EndGlobal
